
Microsoft Visual Studio Solution File, Format Version 12.00
# Visual Studio Version 17
VisualStudioVersion = 17.6.33829.357
MinimumVisualStudioVersion = 10.0.40219.1
Project("{FAE04EC0-301F-11D3-BF4B-00C04F79EFBC}") = "Task 9", "Task 9\Task 9.csproj", "{4E035340-0A1A-4B9A-A627-19F8A6F65880}"
EndProject
Global
	GlobalSection(SolutionConfigurationPlatforms) = preSolution
		Debug|Any CPU = Debug|Any CPU
		Release|Any CPU = Release|Any CPU
	EndGlobalSection
	GlobalSection(ProjectConfigurationPlatforms) = postSolution
		{4E035340-0A1A-4B9A-A627-19F8A6F65880}.Debug|Any CPU.ActiveCfg = Debug|Any CPU
		{4E035340-0A1A-4B9A-A627-19F8A6F65880}.Debug|Any CPU.Build.0 = Debug|Any CPU
		{4E035340-0A1A-4B9A-A627-19F8A6F65880}.Release|Any CPU.ActiveCfg = Release|Any CPU
		{4E035340-0A1A-4B9A-A627-19F8A6F65880}.Release|Any CPU.Build.0 = Release|Any CPU
	EndGlobalSection
	GlobalSection(SolutionProperties) = preSolution
		HideSolutionNode = FALSE
	EndGlobalSection
	GlobalSection(ExtensibilityGlobals) = postSolution
		SolutionGuid = {53B9C019-3013-435A-8344-3CAC94C253DD}
	EndGlobalSection
EndGlobal
